{
  "requires": true,
  "lockfileVersion": 1,
  "dependencies": {
    "phaser-state-transition": {
      "version": "2.5.1",
      "resolved": "https://registry.npmjs.org/phaser-state-transition/-/phaser-state-transition-2.5.1.tgz",
      "integrity": "sha512-0MtJcJczsD2sfDliOkdAHw1SIqcS4whm+qpOmhMMKjgmdeCM1U5CWd/YmHj7cog9owGMPa027kmu+d1Z0C1f9Q=="
    }
  }
}
